
Microsoft Visual Studio Solution File, Format Version 12.00
# Visual Studio Version 17
VisualStudioVersion = 17.14.36221.1
MinimumVisualStudioVersion = 10.0.40219.1
Project("{888888A0-9F3D-457C-B088-3A5042F75D52}") = "ProductService", "ProductService\ProductService.pyproj", "{29B6E64A-ADE0-44BF-A8CD-1C3E17A4E869}"
EndProject
Project("{888888A0-9F3D-457C-B088-3A5042F75D52}") = "NotificationServic", "NotificationServic\NotificationServic.pyproj", "{940D8C30-35B0-4618-96B2-F281EE0ED4E2}"
EndProject
Project("{2150E333-8FDC-42A3-9474-1A3956D46DE8}") = "src", "src", "{02EA681E-C7D8-13C7-8484-4AC65E1B71E8}"
EndProject
Project("{FAE04EC0-301F-11D3-BF4B-00C04F79EFBC}") = "UserService", "UserService\UserService.csproj", "{69B10BA4-6B73-47BF-8FE5-5847CF840E92}"
EndProject
Project("{FAE04EC0-301F-11D3-BF4B-00C04F79EFBC}") = "PaymentService", "PaymentService\PaymentService.csproj", "{22AD5A6E-98F4-4B86-8024-BCBF7E53AC67}"
EndProject
Project("{FAE04EC0-301F-11D3-BF4B-00C04F79EFBC}") = "API-Gateway", "API-Gateway\API-Gateway.csproj", "{A3083300-F2F1-4E4E-8257-A3C539FF666D}"
EndProject
Project("{2150E333-8FDC-42A3-9474-1A3956D46DE8}") = "Python", "Python", "{0568A239-89F8-4F83-9890-0950D70F0052}"
EndProject
Project("{2150E333-8FDC-42A3-9474-1A3956D46DE8}") = "Csharp", "Csharp", "{0795470E-686D-4A77-B400-371164759CEC}"
EndProject
Project("{FAE04EC0-301F-11D3-BF4B-00C04F79EFBC}") = "OrderService", "OrderService\OrderService.csproj", "{6BAE6122-8B1C-4BF1-8519-9E17F623397E}"
EndProject
Project("{2150E333-8FDC-42A3-9474-1A3956D46DE8}") = "Solution Items", "Solution Items", "{8EC462FD-D22E-90A8-E5CE-7E832BA40C5D}"
	ProjectSection(SolutionItems) = preProject
		docker-compose.yml = docker-compose.yml
	EndProjectSection
EndProject
Project("{2150E333-8FDC-42A3-9474-1A3956D46DE8}") = "03-EndPoint", "03-EndPoint", "{6257E669-3E59-434C-A2AD-4B4CCE63940D}"
EndProject
Project("{2150E333-8FDC-42A3-9474-1A3956D46DE8}") = "01-Domain", "01-Domain", "{7648012A-7B57-427D-AA12-89772034DDE7}"
EndProject
Project("{2150E333-8FDC-42A3-9474-1A3956D46DE8}") = "02-Infrastructures", "02-Infrastructures", "{B3237958-3FA1-41F4-A27A-00212DC1AF69}"
EndProject
Project("{2150E333-8FDC-42A3-9474-1A3956D46DE8}") = "Csharp", "Csharp", "{155A54DE-FD36-4D64-AFB2-1D38C258E89F}"
EndProject
Project("{2150E333-8FDC-42A3-9474-1A3956D46DE8}") = "Csharp", "Csharp", "{7BFE82CC-1DF8-48A1-B9C6-4E4F38BC265E}"
EndProject
Project("{2150E333-8FDC-42A3-9474-1A3956D46DE8}") = "UserService", "UserService", "{95E8FD85-9CE6-4384-A50F-FD096A4D3545}"
EndProject
Project("{2150E333-8FDC-42A3-9474-1A3956D46DE8}") = "Core", "Core", "{8CC376FB-C704-46FC-9949-2DD87B517787}"
EndProject
Project("{2150E333-8FDC-42A3-9474-1A3956D46DE8}") = "Services", "Services", "{00912698-259D-41C9-9C2A-A8AB829D3DEA}"
EndProject
Project("{FAE04EC0-301F-11D3-BF4B-00C04F79EFBC}") = "UserApp.Domain.Core", "UserApp.Domain.Core\UserApp.Domain.Core.csproj", "{57108EAE-5006-48E0-ACB6-C737BBDD20F6}"
EndProject
Project("{FAE04EC0-301F-11D3-BF4B-00C04F79EFBC}") = "UserApp.Domain.AppServices", "UserApp.Domain.AppServices\UserApp.Domain.AppServices.csproj", "{897EBF9B-D5FC-4900-B137-9985751FDB20}"
EndProject
Project("{FAE04EC0-301F-11D3-BF4B-00C04F79EFBC}") = "UserApp.Domain.Services", "UserApp.Domain.Services\UserApp.Domain.Services.csproj", "{651DE9D7-6715-4109-BEE8-284F86E2D7F1}"
EndProject
Project("{2150E333-8FDC-42A3-9474-1A3956D46DE8}") = "UserService", "UserService", "{42584EEB-76F8-4551-9AA0-7A08651F4677}"
EndProject
Project("{2150E333-8FDC-42A3-9474-1A3956D46DE8}") = "DataAccess", "DataAccess", "{9C25BA1F-4B86-43EE-97AA-F7431BE7DA66}"
EndProject
Project("{2150E333-8FDC-42A3-9474-1A3956D46DE8}") = "Db", "Db", "{345B4963-9DE7-4CDE-88F2-B00C3D7D15CE}"
EndProject
Project("{FAE04EC0-301F-11D3-BF4B-00C04F79EFBC}") = "UserApp.Infra.Data.Repos.Ef", "UserApp.Infra.Data.Repos.Ef\UserApp.Infra.Data.Repos.Ef.csproj", "{F3EEFCF2-0054-4075-9523-92F96B313A3D}"
EndProject
Project("{FAE04EC0-301F-11D3-BF4B-00C04F79EFBC}") = "UserApp.Infra.Data.Db.SqlServer.Ef", "UserApp.Infra.Data.Db.SqlServer.Ef\UserApp.Infra.Data.Db.SqlServer.Ef.csproj", "{57A14DF7-6778-4F2B-884A-75CEF622ADF0}"
EndProject
Project("{2150E333-8FDC-42A3-9474-1A3956D46DE8}") = "00-Framework", "00-Framework", "{DFCA80CE-5A77-458F-9F73-710BB67C8C3F}"
EndProject
Project("{FAE04EC0-301F-11D3-BF4B-00C04F79EFBC}") = "UserApp.Framework", "UserApp.Framework\UserApp.Framework.csproj", "{E4DA1D6B-5DC8-4F13-8CC9-56AA433CC15A}"
EndProject
Global
	GlobalSection(SolutionConfigurationPlatforms) = preSolution
		Debug|Any CPU = Debug|Any CPU
		Release|Any CPU = Release|Any CPU
	EndGlobalSection
	GlobalSection(ProjectConfigurationPlatforms) = postSolution
		{29B6E64A-ADE0-44BF-A8CD-1C3E17A4E869}.Debug|Any CPU.ActiveCfg = Debug|Any CPU
		{29B6E64A-ADE0-44BF-A8CD-1C3E17A4E869}.Debug|Any CPU.Build.0 = Debug|Any CPU
		{29B6E64A-ADE0-44BF-A8CD-1C3E17A4E869}.Release|Any CPU.ActiveCfg = Release|Any CPU
		{29B6E64A-ADE0-44BF-A8CD-1C3E17A4E869}.Release|Any CPU.Build.0 = Release|Any CPU
		{940D8C30-35B0-4618-96B2-F281EE0ED4E2}.Debug|Any CPU.ActiveCfg = Debug|Any CPU
		{940D8C30-35B0-4618-96B2-F281EE0ED4E2}.Debug|Any CPU.Build.0 = Debug|Any CPU
		{940D8C30-35B0-4618-96B2-F281EE0ED4E2}.Release|Any CPU.ActiveCfg = Release|Any CPU
		{940D8C30-35B0-4618-96B2-F281EE0ED4E2}.Release|Any CPU.Build.0 = Release|Any CPU
		{69B10BA4-6B73-47BF-8FE5-5847CF840E92}.Debug|Any CPU.ActiveCfg = Debug|Any CPU
		{69B10BA4-6B73-47BF-8FE5-5847CF840E92}.Debug|Any CPU.Build.0 = Debug|Any CPU
		{69B10BA4-6B73-47BF-8FE5-5847CF840E92}.Release|Any CPU.ActiveCfg = Release|Any CPU
		{69B10BA4-6B73-47BF-8FE5-5847CF840E92}.Release|Any CPU.Build.0 = Release|Any CPU
		{22AD5A6E-98F4-4B86-8024-BCBF7E53AC67}.Debug|Any CPU.ActiveCfg = Debug|Any CPU
		{22AD5A6E-98F4-4B86-8024-BCBF7E53AC67}.Debug|Any CPU.Build.0 = Debug|Any CPU
		{22AD5A6E-98F4-4B86-8024-BCBF7E53AC67}.Release|Any CPU.ActiveCfg = Release|Any CPU
		{22AD5A6E-98F4-4B86-8024-BCBF7E53AC67}.Release|Any CPU.Build.0 = Release|Any CPU
		{A3083300-F2F1-4E4E-8257-A3C539FF666D}.Debug|Any CPU.ActiveCfg = Debug|Any CPU
		{A3083300-F2F1-4E4E-8257-A3C539FF666D}.Debug|Any CPU.Build.0 = Debug|Any CPU
		{A3083300-F2F1-4E4E-8257-A3C539FF666D}.Release|Any CPU.ActiveCfg = Release|Any CPU
		{A3083300-F2F1-4E4E-8257-A3C539FF666D}.Release|Any CPU.Build.0 = Release|Any CPU
		{6BAE6122-8B1C-4BF1-8519-9E17F623397E}.Debug|Any CPU.ActiveCfg = Debug|Any CPU
		{6BAE6122-8B1C-4BF1-8519-9E17F623397E}.Debug|Any CPU.Build.0 = Debug|Any CPU
		{6BAE6122-8B1C-4BF1-8519-9E17F623397E}.Release|Any CPU.ActiveCfg = Release|Any CPU
		{6BAE6122-8B1C-4BF1-8519-9E17F623397E}.Release|Any CPU.Build.0 = Release|Any CPU
		{57108EAE-5006-48E0-ACB6-C737BBDD20F6}.Debug|Any CPU.ActiveCfg = Debug|Any CPU
		{57108EAE-5006-48E0-ACB6-C737BBDD20F6}.Debug|Any CPU.Build.0 = Debug|Any CPU
		{57108EAE-5006-48E0-ACB6-C737BBDD20F6}.Release|Any CPU.ActiveCfg = Release|Any CPU
		{57108EAE-5006-48E0-ACB6-C737BBDD20F6}.Release|Any CPU.Build.0 = Release|Any CPU
		{897EBF9B-D5FC-4900-B137-9985751FDB20}.Debug|Any CPU.ActiveCfg = Debug|Any CPU
		{897EBF9B-D5FC-4900-B137-9985751FDB20}.Debug|Any CPU.Build.0 = Debug|Any CPU
		{897EBF9B-D5FC-4900-B137-9985751FDB20}.Release|Any CPU.ActiveCfg = Release|Any CPU
		{897EBF9B-D5FC-4900-B137-9985751FDB20}.Release|Any CPU.Build.0 = Release|Any CPU
		{651DE9D7-6715-4109-BEE8-284F86E2D7F1}.Debug|Any CPU.ActiveCfg = Debug|Any CPU
		{651DE9D7-6715-4109-BEE8-284F86E2D7F1}.Debug|Any CPU.Build.0 = Debug|Any CPU
		{651DE9D7-6715-4109-BEE8-284F86E2D7F1}.Release|Any CPU.ActiveCfg = Release|Any CPU
		{651DE9D7-6715-4109-BEE8-284F86E2D7F1}.Release|Any CPU.Build.0 = Release|Any CPU
		{F3EEFCF2-0054-4075-9523-92F96B313A3D}.Debug|Any CPU.ActiveCfg = Debug|Any CPU
		{F3EEFCF2-0054-4075-9523-92F96B313A3D}.Debug|Any CPU.Build.0 = Debug|Any CPU
		{F3EEFCF2-0054-4075-9523-92F96B313A3D}.Release|Any CPU.ActiveCfg = Release|Any CPU
		{F3EEFCF2-0054-4075-9523-92F96B313A3D}.Release|Any CPU.Build.0 = Release|Any CPU
		{57A14DF7-6778-4F2B-884A-75CEF622ADF0}.Debug|Any CPU.ActiveCfg = Debug|Any CPU
		{57A14DF7-6778-4F2B-884A-75CEF622ADF0}.Debug|Any CPU.Build.0 = Debug|Any CPU
		{57A14DF7-6778-4F2B-884A-75CEF622ADF0}.Release|Any CPU.ActiveCfg = Release|Any CPU
		{57A14DF7-6778-4F2B-884A-75CEF622ADF0}.Release|Any CPU.Build.0 = Release|Any CPU
		{E4DA1D6B-5DC8-4F13-8CC9-56AA433CC15A}.Debug|Any CPU.ActiveCfg = Debug|Any CPU
		{E4DA1D6B-5DC8-4F13-8CC9-56AA433CC15A}.Debug|Any CPU.Build.0 = Debug|Any CPU
		{E4DA1D6B-5DC8-4F13-8CC9-56AA433CC15A}.Release|Any CPU.ActiveCfg = Release|Any CPU
		{E4DA1D6B-5DC8-4F13-8CC9-56AA433CC15A}.Release|Any CPU.Build.0 = Release|Any CPU
	EndGlobalSection
	GlobalSection(SolutionProperties) = preSolution
		HideSolutionNode = FALSE
	EndGlobalSection
	GlobalSection(NestedProjects) = preSolution
		{29B6E64A-ADE0-44BF-A8CD-1C3E17A4E869} = {0568A239-89F8-4F83-9890-0950D70F0052}
		{940D8C30-35B0-4618-96B2-F281EE0ED4E2} = {0568A239-89F8-4F83-9890-0950D70F0052}
		{69B10BA4-6B73-47BF-8FE5-5847CF840E92} = {0795470E-686D-4A77-B400-371164759CEC}
		{22AD5A6E-98F4-4B86-8024-BCBF7E53AC67} = {0795470E-686D-4A77-B400-371164759CEC}
		{A3083300-F2F1-4E4E-8257-A3C539FF666D} = {0795470E-686D-4A77-B400-371164759CEC}
		{0568A239-89F8-4F83-9890-0950D70F0052} = {6257E669-3E59-434C-A2AD-4B4CCE63940D}
		{0795470E-686D-4A77-B400-371164759CEC} = {6257E669-3E59-434C-A2AD-4B4CCE63940D}
		{6BAE6122-8B1C-4BF1-8519-9E17F623397E} = {0795470E-686D-4A77-B400-371164759CEC}
		{6257E669-3E59-434C-A2AD-4B4CCE63940D} = {02EA681E-C7D8-13C7-8484-4AC65E1B71E8}
		{7648012A-7B57-427D-AA12-89772034DDE7} = {02EA681E-C7D8-13C7-8484-4AC65E1B71E8}
		{B3237958-3FA1-41F4-A27A-00212DC1AF69} = {02EA681E-C7D8-13C7-8484-4AC65E1B71E8}
		{155A54DE-FD36-4D64-AFB2-1D38C258E89F} = {7648012A-7B57-427D-AA12-89772034DDE7}
		{7BFE82CC-1DF8-48A1-B9C6-4E4F38BC265E} = {B3237958-3FA1-41F4-A27A-00212DC1AF69}
		{95E8FD85-9CE6-4384-A50F-FD096A4D3545} = {155A54DE-FD36-4D64-AFB2-1D38C258E89F}
		{8CC376FB-C704-46FC-9949-2DD87B517787} = {95E8FD85-9CE6-4384-A50F-FD096A4D3545}
		{00912698-259D-41C9-9C2A-A8AB829D3DEA} = {95E8FD85-9CE6-4384-A50F-FD096A4D3545}
		{57108EAE-5006-48E0-ACB6-C737BBDD20F6} = {8CC376FB-C704-46FC-9949-2DD87B517787}
		{897EBF9B-D5FC-4900-B137-9985751FDB20} = {00912698-259D-41C9-9C2A-A8AB829D3DEA}
		{651DE9D7-6715-4109-BEE8-284F86E2D7F1} = {00912698-259D-41C9-9C2A-A8AB829D3DEA}
		{42584EEB-76F8-4551-9AA0-7A08651F4677} = {7BFE82CC-1DF8-48A1-B9C6-4E4F38BC265E}
		{9C25BA1F-4B86-43EE-97AA-F7431BE7DA66} = {42584EEB-76F8-4551-9AA0-7A08651F4677}
		{345B4963-9DE7-4CDE-88F2-B00C3D7D15CE} = {42584EEB-76F8-4551-9AA0-7A08651F4677}
		{F3EEFCF2-0054-4075-9523-92F96B313A3D} = {9C25BA1F-4B86-43EE-97AA-F7431BE7DA66}
		{57A14DF7-6778-4F2B-884A-75CEF622ADF0} = {345B4963-9DE7-4CDE-88F2-B00C3D7D15CE}
		{DFCA80CE-5A77-458F-9F73-710BB67C8C3F} = {02EA681E-C7D8-13C7-8484-4AC65E1B71E8}
		{E4DA1D6B-5DC8-4F13-8CC9-56AA433CC15A} = {DFCA80CE-5A77-458F-9F73-710BB67C8C3F}
	EndGlobalSection
	GlobalSection(ExtensibilityGlobals) = postSolution
		SolutionGuid = {10117B8E-82BE-47C9-8DC9-3AAF0A812C23}
	EndGlobalSection
EndGlobal
